
Microsoft Visual Studio Solution File, Format Version 12.00
# Visual Studio Version 17
VisualStudioVersion = 17.13.35828.75
MinimumVisualStudioVersion = 10.0.40219.1
Project("{FAE04EC0-301F-11D3-BF4B-00C04F79EFBC}") = "Entities", "Entities\Entities.csproj", "{95DE3BD9-A587-35A9-17E0-3C34D2A57441}"
EndProject
Project("{FAE04EC0-301F-11D3-BF4B-00C04F79EFBC}") = "Repository", "Repository\Repository.csproj", "{CE8F3387-4CAB-64ED-80E3-18319C5DCD81}"
EndProject
Project("{FAE04EC0-301F-11D3-BF4B-00C04F79EFBC}") = "Contracts", "Contracts\Contracts.csproj", "{60420311-426F-4ACB-A288-69B32FB8AE80}"
EndProject
Project("{FAE04EC0-301F-11D3-BF4B-00C04F79EFBC}") = "LoggerService", "LoggerService\LoggerService.csproj", "{B1385DBD-91DE-4C51-AD89-6A7F20F3274E}"
EndProject
Project("{FAE04EC0-301F-11D3-BF4B-00C04F79EFBC}") = "Service.Contracts", "Service.Contracts\Service.Contracts.csproj", "{BD489A26-2DE4-4CB5-B41A-7B752B26E2A2}"
EndProject
Project("{FAE04EC0-301F-11D3-BF4B-00C04F79EFBC}") = "Service", "Service\Service.csproj", "{9B21A519-11A2-42E9-B649-FCD872C84547}"
EndProject
Project("{FAE04EC0-301F-11D3-BF4B-00C04F79EFBC}") = "Shared", "Shared\Shared.csproj", "{5338FA21-E60F-467F-A157-2CC345DBDD53}"
EndProject
Project("{FAE04EC0-301F-11D3-BF4B-00C04F79EFBC}") = "ABS.Hybrid", "ABS.Hybrid\ABS.Hybrid.csproj", "{3F778C55-BCCB-4D3E-8D35-D94645141694}"
EndProject
Project("{FAE04EC0-301F-11D3-BF4B-00C04F79EFBC}") = "Enums", "Enums\Enums.csproj", "{0CF18055-7814-474B-936C-A5D9BFABF241}"
EndProject
Project("{FAE04EC0-301F-11D3-BF4B-00C04F79EFBC}") = "ABSHub", "ABSHub\ABSHub.csproj", "{4D4555BC-4FE9-4296-A667-C13297075C29}"
EndProject
Project("{FAE04EC0-301F-11D3-BF4B-00C04F79EFBC}") = "ABSWorker", "ABSWorker\ABSWorker.csproj", "{3E2ED6F8-4F03-45E4-987C-28BA450FCE8D}"
EndProject
Project("{FAE04EC0-301F-11D3-BF4B-00C04F79EFBC}") = "PLCEntities", "PLCEntities\PLCEntities.csproj", "{66590B9F-652E-4DCE-89EA-9832B7CB3866}"
EndProject
Global
	GlobalSection(SolutionConfigurationPlatforms) = preSolution
		Debug|arm64 = Debug|arm64
		Debug|x64 = Debug|x64
		Debug|x86 = Debug|x86
		Release|arm64 = Release|arm64
		Release|x64 = Release|x64
		Release|x86 = Release|x86
	EndGlobalSection
	GlobalSection(ProjectConfigurationPlatforms) = postSolution
		{95DE3BD9-A587-35A9-17E0-3C34D2A57441}.Debug|arm64.ActiveCfg = Debug|Any CPU
		{95DE3BD9-A587-35A9-17E0-3C34D2A57441}.Debug|arm64.Build.0 = Debug|Any CPU
		{95DE3BD9-A587-35A9-17E0-3C34D2A57441}.Debug|x64.ActiveCfg = Debug|Any CPU
		{95DE3BD9-A587-35A9-17E0-3C34D2A57441}.Debug|x64.Build.0 = Debug|Any CPU
		{95DE3BD9-A587-35A9-17E0-3C34D2A57441}.Debug|x86.ActiveCfg = Debug|Any CPU
		{95DE3BD9-A587-35A9-17E0-3C34D2A57441}.Debug|x86.Build.0 = Debug|Any CPU
		{95DE3BD9-A587-35A9-17E0-3C34D2A57441}.Release|arm64.ActiveCfg = Release|Any CPU
		{95DE3BD9-A587-35A9-17E0-3C34D2A57441}.Release|arm64.Build.0 = Release|Any CPU
		{95DE3BD9-A587-35A9-17E0-3C34D2A57441}.Release|x64.ActiveCfg = Release|Any CPU
		{95DE3BD9-A587-35A9-17E0-3C34D2A57441}.Release|x64.Build.0 = Release|Any CPU
		{95DE3BD9-A587-35A9-17E0-3C34D2A57441}.Release|x86.ActiveCfg = Release|Any CPU
		{95DE3BD9-A587-35A9-17E0-3C34D2A57441}.Release|x86.Build.0 = Release|Any CPU
		{CE8F3387-4CAB-64ED-80E3-18319C5DCD81}.Debug|arm64.ActiveCfg = Debug|Any CPU
		{CE8F3387-4CAB-64ED-80E3-18319C5DCD81}.Debug|arm64.Build.0 = Debug|Any CPU
		{CE8F3387-4CAB-64ED-80E3-18319C5DCD81}.Debug|x64.ActiveCfg = Debug|Any CPU
		{CE8F3387-4CAB-64ED-80E3-18319C5DCD81}.Debug|x64.Build.0 = Debug|Any CPU
		{CE8F3387-4CAB-64ED-80E3-18319C5DCD81}.Debug|x86.ActiveCfg = Debug|Any CPU
		{CE8F3387-4CAB-64ED-80E3-18319C5DCD81}.Debug|x86.Build.0 = Debug|Any CPU
		{CE8F3387-4CAB-64ED-80E3-18319C5DCD81}.Release|arm64.ActiveCfg = Release|Any CPU
		{CE8F3387-4CAB-64ED-80E3-18319C5DCD81}.Release|arm64.Build.0 = Release|Any CPU
		{CE8F3387-4CAB-64ED-80E3-18319C5DCD81}.Release|x64.ActiveCfg = Release|Any CPU
		{CE8F3387-4CAB-64ED-80E3-18319C5DCD81}.Release|x64.Build.0 = Release|Any CPU
		{CE8F3387-4CAB-64ED-80E3-18319C5DCD81}.Release|x86.ActiveCfg = Release|Any CPU
		{CE8F3387-4CAB-64ED-80E3-18319C5DCD81}.Release|x86.Build.0 = Release|Any CPU
		{60420311-426F-4ACB-A288-69B32FB8AE80}.Debug|arm64.ActiveCfg = Debug|Any CPU
		{60420311-426F-4ACB-A288-69B32FB8AE80}.Debug|arm64.Build.0 = Debug|Any CPU
		{60420311-426F-4ACB-A288-69B32FB8AE80}.Debug|x64.ActiveCfg = Debug|Any CPU
		{60420311-426F-4ACB-A288-69B32FB8AE80}.Debug|x64.Build.0 = Debug|Any CPU
		{60420311-426F-4ACB-A288-69B32FB8AE80}.Debug|x86.ActiveCfg = Debug|Any CPU
		{60420311-426F-4ACB-A288-69B32FB8AE80}.Debug|x86.Build.0 = Debug|Any CPU
		{60420311-426F-4ACB-A288-69B32FB8AE80}.Release|arm64.ActiveCfg = Release|Any CPU
		{60420311-426F-4ACB-A288-69B32FB8AE80}.Release|arm64.Build.0 = Release|Any CPU
		{60420311-426F-4ACB-A288-69B32FB8AE80}.Release|x64.ActiveCfg = Release|Any CPU
		{60420311-426F-4ACB-A288-69B32FB8AE80}.Release|x64.Build.0 = Release|Any CPU
		{60420311-426F-4ACB-A288-69B32FB8AE80}.Release|x86.ActiveCfg = Release|Any CPU
		{60420311-426F-4ACB-A288-69B32FB8AE80}.Release|x86.Build.0 = Release|Any CPU
		{B1385DBD-91DE-4C51-AD89-6A7F20F3274E}.Debug|arm64.ActiveCfg = Debug|Any CPU
		{B1385DBD-91DE-4C51-AD89-6A7F20F3274E}.Debug|arm64.Build.0 = Debug|Any CPU
		{B1385DBD-91DE-4C51-AD89-6A7F20F3274E}.Debug|x64.ActiveCfg = Debug|Any CPU
		{B1385DBD-91DE-4C51-AD89-6A7F20F3274E}.Debug|x64.Build.0 = Debug|Any CPU
		{B1385DBD-91DE-4C51-AD89-6A7F20F3274E}.Debug|x86.ActiveCfg = Debug|Any CPU
		{B1385DBD-91DE-4C51-AD89-6A7F20F3274E}.Debug|x86.Build.0 = Debug|Any CPU
		{B1385DBD-91DE-4C51-AD89-6A7F20F3274E}.Release|arm64.ActiveCfg = Release|Any CPU
		{B1385DBD-91DE-4C51-AD89-6A7F20F3274E}.Release|arm64.Build.0 = Release|Any CPU
		{B1385DBD-91DE-4C51-AD89-6A7F20F3274E}.Release|x64.ActiveCfg = Release|Any CPU
		{B1385DBD-91DE-4C51-AD89-6A7F20F3274E}.Release|x64.Build.0 = Release|Any CPU
		{B1385DBD-91DE-4C51-AD89-6A7F20F3274E}.Release|x86.ActiveCfg = Release|Any CPU
		{B1385DBD-91DE-4C51-AD89-6A7F20F3274E}.Release|x86.Build.0 = Release|Any CPU
		{BD489A26-2DE4-4CB5-B41A-7B752B26E2A2}.Debug|arm64.ActiveCfg = Debug|Any CPU
		{BD489A26-2DE4-4CB5-B41A-7B752B26E2A2}.Debug|arm64.Build.0 = Debug|Any CPU
		{BD489A26-2DE4-4CB5-B41A-7B752B26E2A2}.Debug|x64.ActiveCfg = Debug|Any CPU
		{BD489A26-2DE4-4CB5-B41A-7B752B26E2A2}.Debug|x64.Build.0 = Debug|Any CPU
		{BD489A26-2DE4-4CB5-B41A-7B752B26E2A2}.Debug|x86.ActiveCfg = Debug|Any CPU
		{BD489A26-2DE4-4CB5-B41A-7B752B26E2A2}.Debug|x86.Build.0 = Debug|Any CPU
		{BD489A26-2DE4-4CB5-B41A-7B752B26E2A2}.Release|arm64.ActiveCfg = Release|Any CPU
		{BD489A26-2DE4-4CB5-B41A-7B752B26E2A2}.Release|arm64.Build.0 = Release|Any CPU
		{BD489A26-2DE4-4CB5-B41A-7B752B26E2A2}.Release|x64.ActiveCfg = Release|Any CPU
		{BD489A26-2DE4-4CB5-B41A-7B752B26E2A2}.Release|x64.Build.0 = Release|Any CPU
		{BD489A26-2DE4-4CB5-B41A-7B752B26E2A2}.Release|x86.ActiveCfg = Release|Any CPU
		{BD489A26-2DE4-4CB5-B41A-7B752B26E2A2}.Release|x86.Build.0 = Release|Any CPU
		{9B21A519-11A2-42E9-B649-FCD872C84547}.Debug|arm64.ActiveCfg = Debug|Any CPU
		{9B21A519-11A2-42E9-B649-FCD872C84547}.Debug|arm64.Build.0 = Debug|Any CPU
		{9B21A519-11A2-42E9-B649-FCD872C84547}.Debug|x64.ActiveCfg = Debug|Any CPU
		{9B21A519-11A2-42E9-B649-FCD872C84547}.Debug|x64.Build.0 = Debug|Any CPU
		{9B21A519-11A2-42E9-B649-FCD872C84547}.Debug|x86.ActiveCfg = Debug|Any CPU
		{9B21A519-11A2-42E9-B649-FCD872C84547}.Debug|x86.Build.0 = Debug|Any CPU
		{9B21A519-11A2-42E9-B649-FCD872C84547}.Release|arm64.ActiveCfg = Release|Any CPU
		{9B21A519-11A2-42E9-B649-FCD872C84547}.Release|arm64.Build.0 = Release|Any CPU
		{9B21A519-11A2-42E9-B649-FCD872C84547}.Release|x64.ActiveCfg = Release|Any CPU
		{9B21A519-11A2-42E9-B649-FCD872C84547}.Release|x64.Build.0 = Release|Any CPU
		{9B21A519-11A2-42E9-B649-FCD872C84547}.Release|x86.ActiveCfg = Release|Any CPU
		{9B21A519-11A2-42E9-B649-FCD872C84547}.Release|x86.Build.0 = Release|Any CPU
		{5338FA21-E60F-467F-A157-2CC345DBDD53}.Debug|arm64.ActiveCfg = Debug|Any CPU
		{5338FA21-E60F-467F-A157-2CC345DBDD53}.Debug|arm64.Build.0 = Debug|Any CPU
		{5338FA21-E60F-467F-A157-2CC345DBDD53}.Debug|x64.ActiveCfg = Debug|Any CPU
		{5338FA21-E60F-467F-A157-2CC345DBDD53}.Debug|x64.Build.0 = Debug|Any CPU
		{5338FA21-E60F-467F-A157-2CC345DBDD53}.Debug|x86.ActiveCfg = Debug|Any CPU
		{5338FA21-E60F-467F-A157-2CC345DBDD53}.Debug|x86.Build.0 = Debug|Any CPU
		{5338FA21-E60F-467F-A157-2CC345DBDD53}.Release|arm64.ActiveCfg = Release|Any CPU
		{5338FA21-E60F-467F-A157-2CC345DBDD53}.Release|arm64.Build.0 = Release|Any CPU
		{5338FA21-E60F-467F-A157-2CC345DBDD53}.Release|x64.ActiveCfg = Release|Any CPU
		{5338FA21-E60F-467F-A157-2CC345DBDD53}.Release|x64.Build.0 = Release|Any CPU
		{5338FA21-E60F-467F-A157-2CC345DBDD53}.Release|x86.ActiveCfg = Release|Any CPU
		{5338FA21-E60F-467F-A157-2CC345DBDD53}.Release|x86.Build.0 = Release|Any CPU
		{3F778C55-BCCB-4D3E-8D35-D94645141694}.Debug|arm64.ActiveCfg = Debug|Any CPU
		{3F778C55-BCCB-4D3E-8D35-D94645141694}.Debug|arm64.Build.0 = Debug|Any CPU
		{3F778C55-BCCB-4D3E-8D35-D94645141694}.Debug|x64.ActiveCfg = Debug|Any CPU
		{3F778C55-BCCB-4D3E-8D35-D94645141694}.Debug|x64.Build.0 = Debug|Any CPU
		{3F778C55-BCCB-4D3E-8D35-D94645141694}.Debug|x86.ActiveCfg = Debug|Any CPU
		{3F778C55-BCCB-4D3E-8D35-D94645141694}.Debug|x86.Build.0 = Debug|Any CPU
		{3F778C55-BCCB-4D3E-8D35-D94645141694}.Release|arm64.ActiveCfg = Release|Any CPU
		{3F778C55-BCCB-4D3E-8D35-D94645141694}.Release|arm64.Build.0 = Release|Any CPU
		{3F778C55-BCCB-4D3E-8D35-D94645141694}.Release|x64.ActiveCfg = Release|Any CPU
		{3F778C55-BCCB-4D3E-8D35-D94645141694}.Release|x64.Build.0 = Release|Any CPU
		{3F778C55-BCCB-4D3E-8D35-D94645141694}.Release|x86.ActiveCfg = Release|Any CPU
		{3F778C55-BCCB-4D3E-8D35-D94645141694}.Release|x86.Build.0 = Release|Any CPU
		{0CF18055-7814-474B-936C-A5D9BFABF241}.Debug|arm64.ActiveCfg = Debug|Any CPU
		{0CF18055-7814-474B-936C-A5D9BFABF241}.Debug|arm64.Build.0 = Debug|Any CPU
		{0CF18055-7814-474B-936C-A5D9BFABF241}.Debug|x64.ActiveCfg = Debug|Any CPU
		{0CF18055-7814-474B-936C-A5D9BFABF241}.Debug|x64.Build.0 = Debug|Any CPU
		{0CF18055-7814-474B-936C-A5D9BFABF241}.Debug|x86.ActiveCfg = Debug|Any CPU
		{0CF18055-7814-474B-936C-A5D9BFABF241}.Debug|x86.Build.0 = Debug|Any CPU
		{0CF18055-7814-474B-936C-A5D9BFABF241}.Release|arm64.ActiveCfg = Release|Any CPU
		{0CF18055-7814-474B-936C-A5D9BFABF241}.Release|arm64.Build.0 = Release|Any CPU
		{0CF18055-7814-474B-936C-A5D9BFABF241}.Release|x64.ActiveCfg = Release|Any CPU
		{0CF18055-7814-474B-936C-A5D9BFABF241}.Release|x64.Build.0 = Release|Any CPU
		{0CF18055-7814-474B-936C-A5D9BFABF241}.Release|x86.ActiveCfg = Release|Any CPU
		{0CF18055-7814-474B-936C-A5D9BFABF241}.Release|x86.Build.0 = Release|Any CPU
		{4D4555BC-4FE9-4296-A667-C13297075C29}.Debug|arm64.ActiveCfg = Debug|Any CPU
		{4D4555BC-4FE9-4296-A667-C13297075C29}.Debug|arm64.Build.0 = Debug|Any CPU
		{4D4555BC-4FE9-4296-A667-C13297075C29}.Debug|x64.ActiveCfg = Debug|Any CPU
		{4D4555BC-4FE9-4296-A667-C13297075C29}.Debug|x64.Build.0 = Debug|Any CPU
		{4D4555BC-4FE9-4296-A667-C13297075C29}.Debug|x86.ActiveCfg = Debug|Any CPU
		{4D4555BC-4FE9-4296-A667-C13297075C29}.Debug|x86.Build.0 = Debug|Any CPU
		{4D4555BC-4FE9-4296-A667-C13297075C29}.Release|arm64.ActiveCfg = Release|Any CPU
		{4D4555BC-4FE9-4296-A667-C13297075C29}.Release|arm64.Build.0 = Release|Any CPU
		{4D4555BC-4FE9-4296-A667-C13297075C29}.Release|x64.ActiveCfg = Release|Any CPU
		{4D4555BC-4FE9-4296-A667-C13297075C29}.Release|x64.Build.0 = Release|Any CPU
		{4D4555BC-4FE9-4296-A667-C13297075C29}.Release|x86.ActiveCfg = Release|Any CPU
		{4D4555BC-4FE9-4296-A667-C13297075C29}.Release|x86.Build.0 = Release|Any CPU
		{3E2ED6F8-4F03-45E4-987C-28BA450FCE8D}.Debug|arm64.ActiveCfg = Debug|Any CPU
		{3E2ED6F8-4F03-45E4-987C-28BA450FCE8D}.Debug|arm64.Build.0 = Debug|Any CPU
		{3E2ED6F8-4F03-45E4-987C-28BA450FCE8D}.Debug|x64.ActiveCfg = Debug|Any CPU
		{3E2ED6F8-4F03-45E4-987C-28BA450FCE8D}.Debug|x64.Build.0 = Debug|Any CPU
		{3E2ED6F8-4F03-45E4-987C-28BA450FCE8D}.Debug|x86.ActiveCfg = Debug|Any CPU
		{3E2ED6F8-4F03-45E4-987C-28BA450FCE8D}.Debug|x86.Build.0 = Debug|Any CPU
		{3E2ED6F8-4F03-45E4-987C-28BA450FCE8D}.Release|arm64.ActiveCfg = Release|Any CPU
		{3E2ED6F8-4F03-45E4-987C-28BA450FCE8D}.Release|arm64.Build.0 = Release|Any CPU
		{3E2ED6F8-4F03-45E4-987C-28BA450FCE8D}.Release|x64.ActiveCfg = Release|Any CPU
		{3E2ED6F8-4F03-45E4-987C-28BA450FCE8D}.Release|x64.Build.0 = Release|Any CPU
		{3E2ED6F8-4F03-45E4-987C-28BA450FCE8D}.Release|x86.ActiveCfg = Release|Any CPU
		{3E2ED6F8-4F03-45E4-987C-28BA450FCE8D}.Release|x86.Build.0 = Release|Any CPU
		{66590B9F-652E-4DCE-89EA-9832B7CB3866}.Debug|arm64.ActiveCfg = Debug|Any CPU
		{66590B9F-652E-4DCE-89EA-9832B7CB3866}.Debug|arm64.Build.0 = Debug|Any CPU
		{66590B9F-652E-4DCE-89EA-9832B7CB3866}.Debug|x64.ActiveCfg = Debug|Any CPU
		{66590B9F-652E-4DCE-89EA-9832B7CB3866}.Debug|x64.Build.0 = Debug|Any CPU
		{66590B9F-652E-4DCE-89EA-9832B7CB3866}.Debug|x86.ActiveCfg = Debug|Any CPU
		{66590B9F-652E-4DCE-89EA-9832B7CB3866}.Debug|x86.Build.0 = Debug|Any CPU
		{66590B9F-652E-4DCE-89EA-9832B7CB3866}.Release|arm64.ActiveCfg = Release|Any CPU
		{66590B9F-652E-4DCE-89EA-9832B7CB3866}.Release|arm64.Build.0 = Release|Any CPU
		{66590B9F-652E-4DCE-89EA-9832B7CB3866}.Release|x64.ActiveCfg = Release|Any CPU
		{66590B9F-652E-4DCE-89EA-9832B7CB3866}.Release|x64.Build.0 = Release|Any CPU
		{66590B9F-652E-4DCE-89EA-9832B7CB3866}.Release|x86.ActiveCfg = Release|Any CPU
		{66590B9F-652E-4DCE-89EA-9832B7CB3866}.Release|x86.Build.0 = Release|Any CPU
	EndGlobalSection
	GlobalSection(SolutionProperties) = preSolution
		HideSolutionNode = FALSE
	EndGlobalSection
	GlobalSection(ExtensibilityGlobals) = postSolution
		SolutionGuid = {F1056CC3-9951-429E-81A3-235201C1677C}
	EndGlobalSection
EndGlobal
